
Microsoft Visual Studio Solution File, Format Version 12.00
# Visual Studio Version 16
VisualStudioVersion = 16.0.31702.278
MinimumVisualStudioVersion = 10.0.40219.1
Project("{8BC9CEB8-8B4A-11D0-8D11-00A0C91BC942}") = "n皇后问题回溯算法pthread并行化", "n皇后问题回溯算法pthread并行化\n皇后问题回溯算法pthread并行化.vcxproj", "{9F889322-EB64-42D6-8D3F-9179ABCECDA1}"
EndProject
Global
	GlobalSection(SolutionConfigurationPlatforms) = preSolution
		Debug|x64 = Debug|x64
		Debug|x86 = Debug|x86
		Release|x64 = Release|x64
		Release|x86 = Release|x86
	EndGlobalSection
	GlobalSection(ProjectConfigurationPlatforms) = postSolution
		{9F889322-EB64-42D6-8D3F-9179ABCECDA1}.Debug|x64.ActiveCfg = Debug|x64
		{9F889322-EB64-42D6-8D3F-9179ABCECDA1}.Debug|x64.Build.0 = Debug|x64
		{9F889322-EB64-42D6-8D3F-9179ABCECDA1}.Debug|x86.ActiveCfg = Debug|Win32
		{9F889322-EB64-42D6-8D3F-9179ABCECDA1}.Debug|x86.Build.0 = Debug|Win32
		{9F889322-EB64-42D6-8D3F-9179ABCECDA1}.Release|x64.ActiveCfg = Release|x64
		{9F889322-EB64-42D6-8D3F-9179ABCECDA1}.Release|x64.Build.0 = Release|x64
		{9F889322-EB64-42D6-8D3F-9179ABCECDA1}.Release|x86.ActiveCfg = Release|Win32
		{9F889322-EB64-42D6-8D3F-9179ABCECDA1}.Release|x86.Build.0 = Release|Win32
	EndGlobalSection
	GlobalSection(SolutionProperties) = preSolution
		HideSolutionNode = FALSE
	EndGlobalSection
	GlobalSection(ExtensibilityGlobals) = postSolution
		SolutionGuid = {381F31EF-0BF2-460F-B75C-EA1C318978D8}
	EndGlobalSection
EndGlobal
