
Microsoft Visual Studio Solution File, Format Version 12.00
# Visual Studio Version 16
VisualStudioVersion = 16.0.31702.278
MinimumVisualStudioVersion = 10.0.40219.1
Project("{8BC9CEB8-8B4A-11D0-8D11-00A0C91BC942}") = "n皇后问题回溯算法SIMD并行化AVX算法", "n皇后问题回溯算法SIMD并行化AVX算法\n皇后问题回溯算法SIMD并行化AVX算法.vcxproj", "{A75FC1DA-80C3-4A52-B937-BBC14377186C}"
EndProject
Global
	GlobalSection(SolutionConfigurationPlatforms) = preSolution
		Debug|x64 = Debug|x64
		Debug|x86 = Debug|x86
		Release|x64 = Release|x64
		Release|x86 = Release|x86
	EndGlobalSection
	GlobalSection(ProjectConfigurationPlatforms) = postSolution
		{A75FC1DA-80C3-4A52-B937-BBC14377186C}.Debug|x64.ActiveCfg = Debug|x64
		{A75FC1DA-80C3-4A52-B937-BBC14377186C}.Debug|x64.Build.0 = Debug|x64
		{A75FC1DA-80C3-4A52-B937-BBC14377186C}.Debug|x86.ActiveCfg = Debug|Win32
		{A75FC1DA-80C3-4A52-B937-BBC14377186C}.Debug|x86.Build.0 = Debug|Win32
		{A75FC1DA-80C3-4A52-B937-BBC14377186C}.Release|x64.ActiveCfg = Release|x64
		{A75FC1DA-80C3-4A52-B937-BBC14377186C}.Release|x64.Build.0 = Release|x64
		{A75FC1DA-80C3-4A52-B937-BBC14377186C}.Release|x86.ActiveCfg = Release|Win32
		{A75FC1DA-80C3-4A52-B937-BBC14377186C}.Release|x86.Build.0 = Release|Win32
	EndGlobalSection
	GlobalSection(SolutionProperties) = preSolution
		HideSolutionNode = FALSE
	EndGlobalSection
	GlobalSection(ExtensibilityGlobals) = postSolution
		SolutionGuid = {90882A8B-944B-42DB-9715-1B5247D837E8}
	EndGlobalSection
EndGlobal
